
Microsoft Visual Studio Solution File, Format Version 12.00
# Visual Studio Version 17
VisualStudioVersion = 17.11.35222.181
MinimumVisualStudioVersion = 10.0.40219.1
Project("{FAE04EC0-301F-11D3-BF4B-00C04F79EFBC}") = "Laba5", "Laba5\Laba5.csproj", "{11D8EFF3-F2C8-4C08-ACD4-D50F5C70BECD}"
EndProject
Global
	GlobalSection(SolutionConfigurationPlatforms) = preSolution
		Debug|Any CPU = Debug|Any CPU
		Release|Any CPU = Release|Any CPU
	EndGlobalSection
	GlobalSection(ProjectConfigurationPlatforms) = postSolution
		{11D8EFF3-F2C8-4C08-ACD4-D50F5C70BECD}.Debug|Any CPU.ActiveCfg = Debug|Any CPU
		{11D8EFF3-F2C8-4C08-ACD4-D50F5C70BECD}.Debug|Any CPU.Build.0 = Debug|Any CPU
		{11D8EFF3-F2C8-4C08-ACD4-D50F5C70BECD}.Release|Any CPU.ActiveCfg = Release|Any CPU
		{11D8EFF3-F2C8-4C08-ACD4-D50F5C70BECD}.Release|Any CPU.Build.0 = Release|Any CPU
	EndGlobalSection
	GlobalSection(SolutionProperties) = preSolution
		HideSolutionNode = FALSE
	EndGlobalSection
	GlobalSection(ExtensibilityGlobals) = postSolution
		SolutionGuid = {42492167-67FF-4495-80FB-643F397A6DA4}
	EndGlobalSection
EndGlobal
